
Microsoft Visual Studio Solution File, Format Version 12.00
# Visual Studio Version 17
VisualStudioVersion = 17.0.31919.166
MinimumVisualStudioVersion = 10.0.40219.1
Project("{9A19103F-16F7-4668-BE54-9A1E7A4F7556}") = "Pharmacy.API", "Pharmacy.API\Pharmacy.API.csproj", "{D0E93E80-EB1C-44E9-96F9-CCCA2BDD0DFD}"
EndProject
Project("{9A19103F-16F7-4668-BE54-9A1E7A4F7556}") = "Pharmacy.Model", "Pharmacy.Model\Pharmacy.Model.csproj", "{BDD0CCD7-939C-4095-B5E8-9F58223C7648}"
EndProject
Project("{9A19103F-16F7-4668-BE54-9A1E7A4F7556}") = "Pharmacy.Service", "Pharmacy.Service\Pharmacy.Service.csproj", "{83369DDC-CFBE-4D69-8ADF-42B3B2ECF7B6}"
EndProject
Project("{9A19103F-16F7-4668-BE54-9A1E7A4F7556}") = "Pharmacy.DB", "Pharmacy.DB\Pharmacy.DB.csproj", "{7089A3BA-A8AA-4F0F-B981-3FEB54F1A7AB}"
EndProject
Project("{FAE04EC0-301F-11D3-BF4B-00C04F79EFBC}") = "Pharmacy.Extension", "Pharmacy.Extension\Pharmacy.Extension.csproj", "{AE9465FC-8FF7-41E4-A060-BE51F449EE1D}"
EndProject
Global
	GlobalSection(SolutionConfigurationPlatforms) = preSolution
		Debug|Any CPU = Debug|Any CPU
		Release|Any CPU = Release|Any CPU
	EndGlobalSection
	GlobalSection(ProjectConfigurationPlatforms) = postSolution
		{D0E93E80-EB1C-44E9-96F9-CCCA2BDD0DFD}.Debug|Any CPU.ActiveCfg = Debug|Any CPU
		{D0E93E80-EB1C-44E9-96F9-CCCA2BDD0DFD}.Debug|Any CPU.Build.0 = Debug|Any CPU
		{D0E93E80-EB1C-44E9-96F9-CCCA2BDD0DFD}.Release|Any CPU.ActiveCfg = Release|Any CPU
		{D0E93E80-EB1C-44E9-96F9-CCCA2BDD0DFD}.Release|Any CPU.Build.0 = Release|Any CPU
		{BDD0CCD7-939C-4095-B5E8-9F58223C7648}.Debug|Any CPU.ActiveCfg = Debug|Any CPU
		{BDD0CCD7-939C-4095-B5E8-9F58223C7648}.Debug|Any CPU.Build.0 = Debug|Any CPU
		{BDD0CCD7-939C-4095-B5E8-9F58223C7648}.Release|Any CPU.ActiveCfg = Release|Any CPU
		{BDD0CCD7-939C-4095-B5E8-9F58223C7648}.Release|Any CPU.Build.0 = Release|Any CPU
		{83369DDC-CFBE-4D69-8ADF-42B3B2ECF7B6}.Debug|Any CPU.ActiveCfg = Debug|Any CPU
		{83369DDC-CFBE-4D69-8ADF-42B3B2ECF7B6}.Debug|Any CPU.Build.0 = Debug|Any CPU
		{83369DDC-CFBE-4D69-8ADF-42B3B2ECF7B6}.Release|Any CPU.ActiveCfg = Release|Any CPU
		{83369DDC-CFBE-4D69-8ADF-42B3B2ECF7B6}.Release|Any CPU.Build.0 = Release|Any CPU
		{7089A3BA-A8AA-4F0F-B981-3FEB54F1A7AB}.Debug|Any CPU.ActiveCfg = Debug|Any CPU
		{7089A3BA-A8AA-4F0F-B981-3FEB54F1A7AB}.Debug|Any CPU.Build.0 = Debug|Any CPU
		{7089A3BA-A8AA-4F0F-B981-3FEB54F1A7AB}.Release|Any CPU.ActiveCfg = Release|Any CPU
		{7089A3BA-A8AA-4F0F-B981-3FEB54F1A7AB}.Release|Any CPU.Build.0 = Release|Any CPU
		{AE9465FC-8FF7-41E4-A060-BE51F449EE1D}.Debug|Any CPU.ActiveCfg = Debug|Any CPU
		{AE9465FC-8FF7-41E4-A060-BE51F449EE1D}.Debug|Any CPU.Build.0 = Debug|Any CPU
		{AE9465FC-8FF7-41E4-A060-BE51F449EE1D}.Release|Any CPU.ActiveCfg = Release|Any CPU
		{AE9465FC-8FF7-41E4-A060-BE51F449EE1D}.Release|Any CPU.Build.0 = Release|Any CPU
	EndGlobalSection
	GlobalSection(SolutionProperties) = preSolution
		HideSolutionNode = FALSE
	EndGlobalSection
	GlobalSection(ExtensibilityGlobals) = postSolution
		SolutionGuid = {6F20E9BE-3CC9-48E4-9D72-72D62AC766A8}
	EndGlobalSection
EndGlobal
